{
  "version": 4,
  "terraform_version": "1.8.2",
  "serial": 2,
  "lineage": "86494da9-8034-0768-47e5-2558de6de7d8",
  "outputs": {
    "basic_intance_id": {
      "value": "09255f02-1a6d-4c95-bf87-739c0806c222",
      "type": "string"
    }
  },
  "resources": [
    {
      "mode": "managed",
      "type": "mgc_virtual-machine_instances",
      "name": "basic_instance",
      "provider": "provider[\"registry.terraform.io/magalucloud/mgc\"].sudeste",
      "instances": [
        {
          "schema_version": 0,
          "attributes": {
            "availability_zone": null,
            "created_at": "2024-06-04T19:27:25Z",
            "current_image": {
              "id": "96ba4819-5e3b-47e5-8f65-b3f0a70b01a7",
              "name": null,
              "platform": null
            },
            "current_machine_type": {
              "disk": null,
              "id": "fb634f1c-4280-4acb-b9a4-24dea423a9a6",
              "name": null,
              "ram": null,
              "vcpus": null
            },
            "current_name": "basic-instance",
            "current_network": {
              "object1": {
                "ports": [
                  {
                    "id": "68b5be74-d4cd-42d3-945d-dc00aaf7e1ed"
                  }
                ]
              },
              "object2": null
            },
            "current_ssh_key_name": "key-pc-win",
            "delete_public_ip": true,
            "error": null,
            "id": "09255f02-1a6d-4c95-bf87-739c0806c222",
            "image": {
              "id": null,
              "name": "cloud-ubuntu-22.04 LTS"
            },
            "machine_type": {
              "id": null,
              "name": "cloud-bs1.xsmall"
            },
            "name": "basic-instance",
            "network": {
              "associate_public_ip": true,
              "vpc": null
            },
            "ssh_key_name": "key-pc-win",
            "state": "running",
            "status": "completed",
            "updated_at": "2024-06-04T19:27:46Z",
            "user_data": null
          },
          "sensitive_attributes": []
        }
      ]
    }
  ],
  "check_results": null
}
